
Microsoft Visual Studio Solution File, Format Version 12.00
# Visual Studio Version 16
VisualStudioVersion = 16.0.31702.278
MinimumVisualStudioVersion = 10.0.40219.1
Project("{FAE04EC0-301F-11D3-BF4B-00C04F79EFBC}") = "SifOut", "SifOut\SifOut.csproj", "{1F35C178-DF36-4E5C-920C-B57056E7C2B7}"
EndProject
Global
	GlobalSection(SolutionConfigurationPlatforms) = preSolution
		Debug|Any CPU = Debug|Any CPU
		Release|Any CPU = Release|Any CPU
	EndGlobalSection
	GlobalSection(ProjectConfigurationPlatforms) = postSolution
		{1F35C178-DF36-4E5C-920C-B57056E7C2B7}.Debug|Any CPU.ActiveCfg = Debug|Any CPU
		{1F35C178-DF36-4E5C-920C-B57056E7C2B7}.Debug|Any CPU.Build.0 = Debug|Any CPU
		{1F35C178-DF36-4E5C-920C-B57056E7C2B7}.Release|Any CPU.ActiveCfg = Release|Any CPU
		{1F35C178-DF36-4E5C-920C-B57056E7C2B7}.Release|Any CPU.Build.0 = Release|Any CPU
	EndGlobalSection
	GlobalSection(SolutionProperties) = preSolution
		HideSolutionNode = FALSE
	EndGlobalSection
	GlobalSection(ExtensibilityGlobals) = postSolution
		SolutionGuid = {4CFD4E8F-F4AA-4F26-972E-9D2E0626CFB8}
	EndGlobalSection
EndGlobal
